
Microsoft Visual Studio Solution File, Format Version 12.00
# Visual Studio Version 16
VisualStudioVersion = 16.0.31515.178
MinimumVisualStudioVersion = 10.0.40219.1
Project("{8BC9CEB8-8B4A-11D0-8D11-00A0C91BC942}") = "interrupt_Cpp", "interrupt_Cpp\interrupt_Cpp.vcxproj", "{763447B1-A54A-40FC-AF4E-19B53FFE0BFB}"
EndProject
Global
	GlobalSection(SolutionConfigurationPlatforms) = preSolution
		Debug|x64 = Debug|x64
		Debug|x86 = Debug|x86
		Release|x64 = Release|x64
		Release|x86 = Release|x86
	EndGlobalSection
	GlobalSection(ProjectConfigurationPlatforms) = postSolution
		{763447B1-A54A-40FC-AF4E-19B53FFE0BFB}.Debug|x64.ActiveCfg = Debug|x64
		{763447B1-A54A-40FC-AF4E-19B53FFE0BFB}.Debug|x64.Build.0 = Debug|x64
		{763447B1-A54A-40FC-AF4E-19B53FFE0BFB}.Debug|x86.ActiveCfg = Debug|Win32
		{763447B1-A54A-40FC-AF4E-19B53FFE0BFB}.Debug|x86.Build.0 = Debug|Win32
		{763447B1-A54A-40FC-AF4E-19B53FFE0BFB}.Release|x64.ActiveCfg = Release|x64
		{763447B1-A54A-40FC-AF4E-19B53FFE0BFB}.Release|x64.Build.0 = Release|x64
		{763447B1-A54A-40FC-AF4E-19B53FFE0BFB}.Release|x86.ActiveCfg = Release|Win32
		{763447B1-A54A-40FC-AF4E-19B53FFE0BFB}.Release|x86.Build.0 = Release|Win32
	EndGlobalSection
	GlobalSection(SolutionProperties) = preSolution
		HideSolutionNode = FALSE
	EndGlobalSection
	GlobalSection(ExtensibilityGlobals) = postSolution
		SolutionGuid = {2EF71134-421F-4502-888E-7FF1634DE334}
	EndGlobalSection
EndGlobal
